
Microsoft Visual Studio Solution File, Format Version 12.00
# Visual Studio Version 16
VisualStudioVersion = 16.0.30323.103
MinimumVisualStudioVersion = 10.0.40219.1
Project("{9A19103F-16F7-4668-BE54-9A1E7A4F7556}") = "CosmosGettingStarted", "CosmosGettingStartedTutorial\CosmosGettingStarted.csproj", "{C49C6E3C-12D2-45AC-847C-81A493D0192C}"
EndProject
Global
	GlobalSection(SolutionConfigurationPlatforms) = preSolution
		Debug|Any CPU = Debug|Any CPU
		Release|Any CPU = Release|Any CPU
	EndGlobalSection
	GlobalSection(ProjectConfigurationPlatforms) = postSolution
		{C49C6E3C-12D2-45AC-847C-81A493D0192C}.Debug|Any CPU.ActiveCfg = Debug|Any CPU
		{C49C6E3C-12D2-45AC-847C-81A493D0192C}.Debug|Any CPU.Build.0 = Debug|Any CPU
		{C49C6E3C-12D2-45AC-847C-81A493D0192C}.Release|Any CPU.ActiveCfg = Release|Any CPU
		{C49C6E3C-12D2-45AC-847C-81A493D0192C}.Release|Any CPU.Build.0 = Release|Any CPU
	EndGlobalSection
	GlobalSection(SolutionProperties) = preSolution
		HideSolutionNode = FALSE
	EndGlobalSection
	GlobalSection(ExtensibilityGlobals) = postSolution
		SolutionGuid = {C82C47F9-3D43-4080-8325-232C3B6FEA70}
	EndGlobalSection
EndGlobal
